
Microsoft Visual Studio Solution File, Format Version 12.00
# Visual Studio 2013
VisualStudioVersion = 12.0.31101.0
MinimumVisualStudioVersion = 10.0.40219.1
Project("{FAE04EC0-301F-11D3-BF4B-00C04F79EFBC}") = "01.TheBetterMusicProducer", "01.TheBetterMusicProducer\01.TheBetterMusicProducer.csproj", "{0A76B3A8-59AB-4A81-B796-A47C610D6F07}"
EndProject
Project("{FAE04EC0-301F-11D3-BF4B-00C04F79EFBC}") = "02.GrandTheftExamo", "02.GrandTheftExamo\02.GrandTheftExamo.csproj", "{749B20E8-AB2F-4FC8-AB93-B70F71DC547D}"
EndProject
Project("{FAE04EC0-301F-11D3-BF4B-00C04F79EFBC}") = "03.PlaidTowel", "03.PlaidTowel\03.PlaidTowel.csproj", "{E083C05A-3942-41FE-8AEC-010CC6566031}"
EndProject
Project("{FAE04EC0-301F-11D3-BF4B-00C04F79EFBC}") = "04.Firefighters", "04.Firefighters\04.Firefighters.csproj", "{3EA7D162-A5D3-4343-B994-68781E716145}"
EndProject
Project("{FAE04EC0-301F-11D3-BF4B-00C04F79EFBC}") = "05.BohemchoTheBadGhost", "05.BohemchoTheBadGhost\05.BohemchoTheBadGhost.csproj", "{B4D924AC-866E-4BF3-897E-789457BAD05A}"
EndProject
Global
	GlobalSection(SolutionConfigurationPlatforms) = preSolution
		Debug|Any CPU = Debug|Any CPU
		Release|Any CPU = Release|Any CPU
	EndGlobalSection
	GlobalSection(ProjectConfigurationPlatforms) = postSolution
		{0A76B3A8-59AB-4A81-B796-A47C610D6F07}.Debug|Any CPU.ActiveCfg = Debug|Any CPU
		{0A76B3A8-59AB-4A81-B796-A47C610D6F07}.Debug|Any CPU.Build.0 = Debug|Any CPU
		{0A76B3A8-59AB-4A81-B796-A47C610D6F07}.Release|Any CPU.ActiveCfg = Release|Any CPU
		{0A76B3A8-59AB-4A81-B796-A47C610D6F07}.Release|Any CPU.Build.0 = Release|Any CPU
		{749B20E8-AB2F-4FC8-AB93-B70F71DC547D}.Debug|Any CPU.ActiveCfg = Debug|Any CPU
		{749B20E8-AB2F-4FC8-AB93-B70F71DC547D}.Debug|Any CPU.Build.0 = Debug|Any CPU
		{749B20E8-AB2F-4FC8-AB93-B70F71DC547D}.Release|Any CPU.ActiveCfg = Release|Any CPU
		{749B20E8-AB2F-4FC8-AB93-B70F71DC547D}.Release|Any CPU.Build.0 = Release|Any CPU
		{E083C05A-3942-41FE-8AEC-010CC6566031}.Debug|Any CPU.ActiveCfg = Debug|Any CPU
		{E083C05A-3942-41FE-8AEC-010CC6566031}.Debug|Any CPU.Build.0 = Debug|Any CPU
		{E083C05A-3942-41FE-8AEC-010CC6566031}.Release|Any CPU.ActiveCfg = Release|Any CPU
		{E083C05A-3942-41FE-8AEC-010CC6566031}.Release|Any CPU.Build.0 = Release|Any CPU
		{3EA7D162-A5D3-4343-B994-68781E716145}.Debug|Any CPU.ActiveCfg = Debug|Any CPU
		{3EA7D162-A5D3-4343-B994-68781E716145}.Debug|Any CPU.Build.0 = Debug|Any CPU
		{3EA7D162-A5D3-4343-B994-68781E716145}.Release|Any CPU.ActiveCfg = Release|Any CPU
		{3EA7D162-A5D3-4343-B994-68781E716145}.Release|Any CPU.Build.0 = Release|Any CPU
		{B4D924AC-866E-4BF3-897E-789457BAD05A}.Debug|Any CPU.ActiveCfg = Debug|Any CPU
		{B4D924AC-866E-4BF3-897E-789457BAD05A}.Debug|Any CPU.Build.0 = Debug|Any CPU
		{B4D924AC-866E-4BF3-897E-789457BAD05A}.Release|Any CPU.ActiveCfg = Release|Any CPU
		{B4D924AC-866E-4BF3-897E-789457BAD05A}.Release|Any CPU.Build.0 = Release|Any CPU
	EndGlobalSection
	GlobalSection(SolutionProperties) = preSolution
		HideSolutionNode = FALSE
	EndGlobalSection
EndGlobal
