
Microsoft Visual Studio Solution File, Format Version 12.00
# Visual Studio 2013
VisualStudioVersion = 12.0.31101.0
MinimumVisualStudioVersion = 10.0.40219.1
Project("{FAE04EC0-301F-11D3-BF4B-00C04F79EFBC}") = "01.ProspectInHospitality", "01.ProspectInHospitality\01.ProspectInHospitality.csproj", "{AAA888E7-8444-4088-BF39-C1E749D9BFED}"
EndProject
Project("{FAE04EC0-301F-11D3-BF4B-00C04F79EFBC}") = "02.SudokuResults", "02.SudokuResults\02.SudokuResults.csproj", "{BA2C35A2-4727-4351-AF35-564A4C5FE4EB}"
EndProject
Project("{FAE04EC0-301F-11D3-BF4B-00C04F79EFBC}") = "03.LocalElections", "03.LocalElections\03.LocalElections.csproj", "{CE1FD280-3761-4482-A49D-DDA92441889C}"
EndProject
Project("{FAE04EC0-301F-11D3-BF4B-00C04F79EFBC}") = "04.PerfectGirlfriend", "04.PerfectGirlfriend\04.PerfectGirlfriend.csproj", "{498FF7C9-DA3A-42B0-BC5C-62C112CA9BC3}"
EndProject
Project("{FAE04EC0-301F-11D3-BF4B-00C04F79EFBC}") = "05.ShuffleBits", "05.ShuffleBits\05.ShuffleBits.csproj", "{87CCA10E-C269-4B30-8555-0D07320F7CDC}"
EndProject
Global
	GlobalSection(SolutionConfigurationPlatforms) = preSolution
		Debug|Any CPU = Debug|Any CPU
		Release|Any CPU = Release|Any CPU
	EndGlobalSection
	GlobalSection(ProjectConfigurationPlatforms) = postSolution
		{AAA888E7-8444-4088-BF39-C1E749D9BFED}.Debug|Any CPU.ActiveCfg = Debug|Any CPU
		{AAA888E7-8444-4088-BF39-C1E749D9BFED}.Debug|Any CPU.Build.0 = Debug|Any CPU
		{AAA888E7-8444-4088-BF39-C1E749D9BFED}.Release|Any CPU.ActiveCfg = Release|Any CPU
		{AAA888E7-8444-4088-BF39-C1E749D9BFED}.Release|Any CPU.Build.0 = Release|Any CPU
		{BA2C35A2-4727-4351-AF35-564A4C5FE4EB}.Debug|Any CPU.ActiveCfg = Debug|Any CPU
		{BA2C35A2-4727-4351-AF35-564A4C5FE4EB}.Debug|Any CPU.Build.0 = Debug|Any CPU
		{BA2C35A2-4727-4351-AF35-564A4C5FE4EB}.Release|Any CPU.ActiveCfg = Release|Any CPU
		{BA2C35A2-4727-4351-AF35-564A4C5FE4EB}.Release|Any CPU.Build.0 = Release|Any CPU
		{CE1FD280-3761-4482-A49D-DDA92441889C}.Debug|Any CPU.ActiveCfg = Debug|Any CPU
		{CE1FD280-3761-4482-A49D-DDA92441889C}.Debug|Any CPU.Build.0 = Debug|Any CPU
		{CE1FD280-3761-4482-A49D-DDA92441889C}.Release|Any CPU.ActiveCfg = Release|Any CPU
		{CE1FD280-3761-4482-A49D-DDA92441889C}.Release|Any CPU.Build.0 = Release|Any CPU
		{498FF7C9-DA3A-42B0-BC5C-62C112CA9BC3}.Debug|Any CPU.ActiveCfg = Debug|Any CPU
		{498FF7C9-DA3A-42B0-BC5C-62C112CA9BC3}.Debug|Any CPU.Build.0 = Debug|Any CPU
		{498FF7C9-DA3A-42B0-BC5C-62C112CA9BC3}.Release|Any CPU.ActiveCfg = Release|Any CPU
		{498FF7C9-DA3A-42B0-BC5C-62C112CA9BC3}.Release|Any CPU.Build.0 = Release|Any CPU
		{87CCA10E-C269-4B30-8555-0D07320F7CDC}.Debug|Any CPU.ActiveCfg = Debug|Any CPU
		{87CCA10E-C269-4B30-8555-0D07320F7CDC}.Debug|Any CPU.Build.0 = Debug|Any CPU
		{87CCA10E-C269-4B30-8555-0D07320F7CDC}.Release|Any CPU.ActiveCfg = Release|Any CPU
		{87CCA10E-C269-4B30-8555-0D07320F7CDC}.Release|Any CPU.Build.0 = Release|Any CPU
	EndGlobalSection
	GlobalSection(SolutionProperties) = preSolution
		HideSolutionNode = FALSE
	EndGlobalSection
EndGlobal
